
Microsoft Visual Studio Solution File, Format Version 12.00
# Visual Studio Version 17
VisualStudioVersion = 17.4.33122.133
MinimumVisualStudioVersion = 10.0.40219.1
Project("{FAE04EC0-301F-11D3-BF4B-00C04F79EFBC}") = "AzureFunction.Portfolio", "AzureFunction.Portfolio\AzureFunction.Portfolio.csproj", "{51E60272-296E-456C-BAB5-9B12BEAF8182}"
EndProject
Global
	GlobalSection(SolutionConfigurationPlatforms) = preSolution
		Debug|Any CPU = Debug|Any CPU
		Release|Any CPU = Release|Any CPU
	EndGlobalSection
	GlobalSection(ProjectConfigurationPlatforms) = postSolution
		{51E60272-296E-456C-BAB5-9B12BEAF8182}.Debug|Any CPU.ActiveCfg = Debug|Any CPU
		{51E60272-296E-456C-BAB5-9B12BEAF8182}.Debug|Any CPU.Build.0 = Debug|Any CPU
		{51E60272-296E-456C-BAB5-9B12BEAF8182}.Release|Any CPU.ActiveCfg = Release|Any CPU
		{51E60272-296E-456C-BAB5-9B12BEAF8182}.Release|Any CPU.Build.0 = Release|Any CPU
	EndGlobalSection
	GlobalSection(SolutionProperties) = preSolution
		HideSolutionNode = FALSE
	EndGlobalSection
	GlobalSection(ExtensibilityGlobals) = postSolution
		SolutionGuid = {5D7030A0-C7EE-4117-89D8-AA2309B36289}
	EndGlobalSection
EndGlobal
